{
  "version": "4",
  "specifiers": {
    "npm:colorjs.io@*": "0.5.2",
    "npm:colorjs.io@0.5.2": "0.5.2"
  },
  "npm": {
    "colorjs.io@0.5.2": {
      "integrity": "sha512-twmVoizEW7ylZSN32OgKdXRmo1qg+wT5/6C3xu5b9QsWzSFAhHLn2xd8ro0diCsKfCj1RdaTP/nrcW+vAoQPIw=="
    }
  },
  "workspace": {
    "dependencies": [
      "jsr:@std/assert@1"
    ]
  }
}
